<?xml version="1.0" encoding="UTF-8" standalone="yes" ?>
<CodeBlocks_project_file>
	<FileVersion major="1" minor="6" />
	<Project>
		<Option title="Matrix" />
		<Option pch_mode="2" />
		<Option compiler="gcc" />
		<Build>
			<Target title="Debug">
				<Option output="bin/Debug/Matrix" prefix_auto="1" extension_auto="1" />
				<Option object_output="obj/Debug/" />
				<Option type="1" />
				<Option compiler="gcc" />
				<Option parameters="&gt; RunResults.out 2&gt;&amp;1" />
				<Compiler>
					<Add option="-Wfloat-equal" />
					<Add option="-std=c++11" />
					<Add option="-g" />
					<Add option="-Wreturn-type" />
					<Add option="-DDEBUG" />
					<Add option="-DTRACE" />
					<Add option="-DTRACEMATRIX" />
				</Compiler>
			</Target>
			<Target title="Release">
				<Option output="bin/Release/Matrix" prefix_auto="1" extension_auto="1" />
				<Option object_output="obj/Release/" />
				<Option type="1" />
				<Option compiler="gcc" />
				<Compiler>
					<Add option="-O2" />
				</Compiler>
				<Linker>
					<Add option="-s" />
				</Linker>
			</Target>
		</Build>
		<Compiler>
			<Add option="-std=c++11" />
			<Add option="-g" />
			<Add option="-fexceptions" />
		</Compiler>
		<Unit filename="Matrix.def.cpp" />
		<Unit filename="Matrix.def.hxx" />
		<Unit filename="Matrix.hxx" />
		<Unit filename="MatrixOperations.def.cpp" />
		<Unit filename="MatrixOperations.def.hxx" />
		<Unit filename="Utilities.Tracer.def.cpp" />
		<Unit filename="Utilities.Tracer.def.hxx" />
		<Unit filename="Utilities.cpp" />
		<Unit filename="Utilities.hxx" />
		<Unit filename="main.cpp" />
		<Unit filename="sampleInputs/t1.1.dat" />
		<Unit filename="sampleInputs/t1.2.dat" />
		<Extensions>
			<code_completion />
			<debugger />
		</Extensions>
	</Project>
</CodeBlocks_project_file>
