<?xml version="1.0" encoding="UTF-8" standalone="yes" ?>
<CodeBlocks_project_file>
	<FileVersion major="1" minor="6" />
	<Project>
		<Option title="CS417FinalQ8" />
		<Option pch_mode="2" />
		<Option compiler="gcc" />
		<Build>
			<Target title="Debug">
				<Option output="bin/Debug/CS417FinalQ8" prefix_auto="1" extension_auto="1" />
				<Option object_output="obj/Debug/" />
				<Option type="1" />
				<Option compiler="gcc" />
				<Compiler>
					<Add option="-g" />
				</Compiler>
			</Target>
			<Target title="Release">
				<Option output="bin/Release/CS417FinalQ8" prefix_auto="1" extension_auto="1" />
				<Option object_output="obj/Release/" />
				<Option type="1" />
				<Option compiler="gcc" />
				<Compiler>
					<Add option="-O2" />
				</Compiler>
				<Linker>
					<Add option="-s" />
				</Linker>
			</Target>
		</Build>
		<Compiler>
			<Add option="-std=c++11" />
			<Add option="-Wall" />
			<Add option="-fexceptions" />
			<Add option="-DINCLUDESOLVER_STEEPESTDESCENT" />
		</Compiler>
		<Unit filename="lib/Solver.def.hxx" />
		<Unit filename="lib/Solver.hxx" />
		<Unit filename="lib/SteepestDescentSolver.cpp" />
		<Unit filename="lib/SteepestDescentSolver.hxx" />
		<Unit filename="lib/Utilities.Optional.def.hxx" />
		<Unit filename="lib/Utilities.Tracer.def.cpp" />
		<Unit filename="lib/Utilities.Tracer.def.hxx" />
		<Unit filename="lib/Utilities.cpp" />
		<Unit filename="lib/Utilities.hxx" />
		<Unit filename="main.cpp" />
		<Extensions>
			<code_completion />
			<debugger />
		</Extensions>
	</Project>
</CodeBlocks_project_file>
